
Microsoft Visual Studio Solution File, Format Version 12.00
# Visual Studio Version 16
VisualStudioVersion = 16.0.30523.141
MinimumVisualStudioVersion = 10.0.40219.1
Project("{9A19103F-16F7-4668-BE54-9A1E7A4F7556}") = "ProjectSu", "ProjectSu\ProjectSu.csproj", "{687FB3F0-E168-4BF9-9091-2D1DE007415B}"
EndProject
Global
	GlobalSection(SolutionConfigurationPlatforms) = preSolution
		Debug|Any CPU = Debug|Any CPU
		Debug|x64 = Debug|x64
		Release|Any CPU = Release|Any CPU
		Release|x64 = Release|x64
	EndGlobalSection
	GlobalSection(ProjectConfigurationPlatforms) = postSolution
		{687FB3F0-E168-4BF9-9091-2D1DE007415B}.Debug|Any CPU.ActiveCfg = Debug|Any CPU
		{687FB3F0-E168-4BF9-9091-2D1DE007415B}.Debug|Any CPU.Build.0 = Debug|Any CPU
		{687FB3F0-E168-4BF9-9091-2D1DE007415B}.Debug|x64.ActiveCfg = Debug|x64
		{687FB3F0-E168-4BF9-9091-2D1DE007415B}.Debug|x64.Build.0 = Debug|x64
		{687FB3F0-E168-4BF9-9091-2D1DE007415B}.Release|Any CPU.ActiveCfg = Release|Any CPU
		{687FB3F0-E168-4BF9-9091-2D1DE007415B}.Release|Any CPU.Build.0 = Release|Any CPU
		{687FB3F0-E168-4BF9-9091-2D1DE007415B}.Release|x64.ActiveCfg = Release|x64
		{687FB3F0-E168-4BF9-9091-2D1DE007415B}.Release|x64.Build.0 = Release|x64
	EndGlobalSection
	GlobalSection(SolutionProperties) = preSolution
		HideSolutionNode = FALSE
	EndGlobalSection
	GlobalSection(ExtensibilityGlobals) = postSolution
		SolutionGuid = {FCFA24A8-C605-4CBD-B33C-2FD3CDDBCC27}
	EndGlobalSection
EndGlobal
